# This file is automatically @generated by Cargo.
# It is not intended for manual editing.
version = 4

[[package]]
name = "saffron"
version = "0.1.0"

[[package]]
name = "saffron-cli"
version = "0.1.0"

[[package]]
name = "saffron-core"
version = "0.1.0"

[[package]]
name = "saffron-data"
version = "0.1.0"

[[package]]
name = "saffron-http"
version = "0.1.0"

[[package]]
name = "saffron-ui"
version = "0.1.0"

[[package]]
name = "saffron-utils"
version = "0.1.0"
